
Microsoft Visual Studio Solution File, Format Version 12.00
# Visual Studio Version 17
Project("{8BC9CEB8-8B4A-11D0-8D11-00A0C91BC942}") = "ALL_BUILD", "ALL_BUILD.vcxproj", "{20A3F691-6E92-3386-8146-CE7C46D69EB7}"
	ProjectSection(ProjectDependencies) = postProject
		{A871935F-DDE4-3588-BC56-40B608A3307B} = {A871935F-DDE4-3588-BC56-40B608A3307B}
		{A2AE1043-18A4-37B5-88DC-116921EA60BF} = {A2AE1043-18A4-37B5-88DC-116921EA60BF}
	EndProjectSection
EndProject
Project("{8BC9CEB8-8B4A-11D0-8D11-00A0C91BC942}") = "ZERO_CHECK", "ZERO_CHECK.vcxproj", "{A871935F-DDE4-3588-BC56-40B608A3307B}"
	ProjectSection(ProjectDependencies) = postProject
	EndProjectSection
EndProject
Project("{8BC9CEB8-8B4A-11D0-8D11-00A0C91BC942}") = "chess", "chess.vcxproj", "{A2AE1043-18A4-37B5-88DC-116921EA60BF}"
	ProjectSection(ProjectDependencies) = postProject
		{A871935F-DDE4-3588-BC56-40B608A3307B} = {A871935F-DDE4-3588-BC56-40B608A3307B}
	EndProjectSection
EndProject
Global
	GlobalSection(SolutionConfigurationPlatforms) = preSolution
		Debug|x64 = Debug|x64
		Release|x64 = Release|x64
		MinSizeRel|x64 = MinSizeRel|x64
		RelWithDebInfo|x64 = RelWithDebInfo|x64
	EndGlobalSection
	GlobalSection(ProjectConfigurationPlatforms) = postSolution
		{20A3F691-6E92-3386-8146-CE7C46D69EB7}.Debug|x64.ActiveCfg = Debug|x64
		{20A3F691-6E92-3386-8146-CE7C46D69EB7}.Release|x64.ActiveCfg = Release|x64
		{20A3F691-6E92-3386-8146-CE7C46D69EB7}.MinSizeRel|x64.ActiveCfg = MinSizeRel|x64
		{20A3F691-6E92-3386-8146-CE7C46D69EB7}.RelWithDebInfo|x64.ActiveCfg = RelWithDebInfo|x64
		{A871935F-DDE4-3588-BC56-40B608A3307B}.Debug|x64.ActiveCfg = Debug|x64
		{A871935F-DDE4-3588-BC56-40B608A3307B}.Debug|x64.Build.0 = Debug|x64
		{A871935F-DDE4-3588-BC56-40B608A3307B}.Release|x64.ActiveCfg = Release|x64
		{A871935F-DDE4-3588-BC56-40B608A3307B}.Release|x64.Build.0 = Release|x64
		{A871935F-DDE4-3588-BC56-40B608A3307B}.MinSizeRel|x64.ActiveCfg = MinSizeRel|x64
		{A871935F-DDE4-3588-BC56-40B608A3307B}.MinSizeRel|x64.Build.0 = MinSizeRel|x64
		{A871935F-DDE4-3588-BC56-40B608A3307B}.RelWithDebInfo|x64.ActiveCfg = RelWithDebInfo|x64
		{A871935F-DDE4-3588-BC56-40B608A3307B}.RelWithDebInfo|x64.Build.0 = RelWithDebInfo|x64
		{A2AE1043-18A4-37B5-88DC-116921EA60BF}.Debug|x64.ActiveCfg = Debug|x64
		{A2AE1043-18A4-37B5-88DC-116921EA60BF}.Debug|x64.Build.0 = Debug|x64
		{A2AE1043-18A4-37B5-88DC-116921EA60BF}.Release|x64.ActiveCfg = Release|x64
		{A2AE1043-18A4-37B5-88DC-116921EA60BF}.Release|x64.Build.0 = Release|x64
		{A2AE1043-18A4-37B5-88DC-116921EA60BF}.MinSizeRel|x64.ActiveCfg = MinSizeRel|x64
		{A2AE1043-18A4-37B5-88DC-116921EA60BF}.MinSizeRel|x64.Build.0 = MinSizeRel|x64
		{A2AE1043-18A4-37B5-88DC-116921EA60BF}.RelWithDebInfo|x64.ActiveCfg = RelWithDebInfo|x64
		{A2AE1043-18A4-37B5-88DC-116921EA60BF}.RelWithDebInfo|x64.Build.0 = RelWithDebInfo|x64
	EndGlobalSection
	GlobalSection(ExtensibilityGlobals) = postSolution
		SolutionGuid = {C8D8C44C-EEE6-3653-92CB-3A6D2BA5CCA2}
	EndGlobalSection
	GlobalSection(ExtensibilityAddIns) = postSolution
	EndGlobalSection
EndGlobal
